
Microsoft Visual Studio Solution File, Format Version 12.00
# Visual Studio Version 17
VisualStudioVersion = 17.8.34330.188
MinimumVisualStudioVersion = 10.0.40219.1
Project("{9A19103F-16F7-4668-BE54-9A1E7A4F7556}") = "api-grupo10", "api-grupo10\api-grupo10.csproj", "{F9EEA62A-5508-4DE6-B572-C99D8B3E4549}"
EndProject
Project("{FAE04EC0-301F-11D3-BF4B-00C04F79EFBC}") = "TallerTecnico", "TallerTecnico\TallerTecnico.csproj", "{6338F00B-7FA4-45FE-9A05-106EE4D3B022}"
EndProject
Global
	GlobalSection(SolutionConfigurationPlatforms) = preSolution
		Debug|Any CPU = Debug|Any CPU
		Release|Any CPU = Release|Any CPU
	EndGlobalSection
	GlobalSection(ProjectConfigurationPlatforms) = postSolution
		{F9EEA62A-5508-4DE6-B572-C99D8B3E4549}.Debug|Any CPU.ActiveCfg = Debug|Any CPU
		{F9EEA62A-5508-4DE6-B572-C99D8B3E4549}.Debug|Any CPU.Build.0 = Debug|Any CPU
		{F9EEA62A-5508-4DE6-B572-C99D8B3E4549}.Release|Any CPU.ActiveCfg = Release|Any CPU
		{F9EEA62A-5508-4DE6-B572-C99D8B3E4549}.Release|Any CPU.Build.0 = Release|Any CPU
		{6338F00B-7FA4-45FE-9A05-106EE4D3B022}.Debug|Any CPU.ActiveCfg = Debug|Any CPU
		{6338F00B-7FA4-45FE-9A05-106EE4D3B022}.Debug|Any CPU.Build.0 = Debug|Any CPU
		{6338F00B-7FA4-45FE-9A05-106EE4D3B022}.Release|Any CPU.ActiveCfg = Release|Any CPU
		{6338F00B-7FA4-45FE-9A05-106EE4D3B022}.Release|Any CPU.Build.0 = Release|Any CPU
	EndGlobalSection
	GlobalSection(SolutionProperties) = preSolution
		HideSolutionNode = FALSE
	EndGlobalSection
	GlobalSection(ExtensibilityGlobals) = postSolution
		SolutionGuid = {A6BD77CA-3CE1-4CDE-B0A1-010EC4D732BD}
	EndGlobalSection
EndGlobal
